
Microsoft Visual Studio Solution File, Format Version 12.00
# Visual Studio Version 17
VisualStudioVersion = 17.13.35507.96 d17.13
MinimumVisualStudioVersion = 10.0.40219.1
Project("{FAE04EC0-301F-11D3-BF4B-00C04F79EFBC}") = "demoapi", "demoapi\demoapi.csproj", "{81F1C7CC-EE02-4ED6-9C1D-7A06B3AFCE52}"
EndProject
Global
	GlobalSection(SolutionConfigurationPlatforms) = preSolution
		Debug|Any CPU = Debug|Any CPU
		Release|Any CPU = Release|Any CPU
	EndGlobalSection
	GlobalSection(ProjectConfigurationPlatforms) = postSolution
		{81F1C7CC-EE02-4ED6-9C1D-7A06B3AFCE52}.Debug|Any CPU.ActiveCfg = Debug|Any CPU
		{81F1C7CC-EE02-4ED6-9C1D-7A06B3AFCE52}.Debug|Any CPU.Build.0 = Debug|Any CPU
		{81F1C7CC-EE02-4ED6-9C1D-7A06B3AFCE52}.Release|Any CPU.ActiveCfg = Release|Any CPU
		{81F1C7CC-EE02-4ED6-9C1D-7A06B3AFCE52}.Release|Any CPU.Build.0 = Release|Any CPU
	EndGlobalSection
	GlobalSection(SolutionProperties) = preSolution
		HideSolutionNode = FALSE
	EndGlobalSection
	GlobalSection(ExtensibilityGlobals) = postSolution
		SolutionGuid = {5DE33DBC-D7FC-4994-9EC9-B545AEC2C8C9}
	EndGlobalSection
EndGlobal
